
Microsoft Visual Studio Solution File, Format Version 12.00
# Visual Studio Version 16
VisualStudioVersion = 16.0.30406.217
MinimumVisualStudioVersion = 10.0.40219.1
Project("{8BC9CEB8-8B4A-11D0-8D11-00A0C91BC942}") = "StartHere", "StartHere\StartHere.vcxproj", "{696AFC8C-CD92-418B-B13F-9A5590B56608}"
EndProject
Global
	GlobalSection(SolutionConfigurationPlatforms) = preSolution
		Debug|x64 = Debug|x64
		Debug|x86 = Debug|x86
		Release|x64 = Release|x64
		Release|x86 = Release|x86
	EndGlobalSection
	GlobalSection(ProjectConfigurationPlatforms) = postSolution
		{696AFC8C-CD92-418B-B13F-9A5590B56608}.Debug|x64.ActiveCfg = Debug|x64
		{696AFC8C-CD92-418B-B13F-9A5590B56608}.Debug|x64.Build.0 = Debug|x64
		{696AFC8C-CD92-418B-B13F-9A5590B56608}.Debug|x86.ActiveCfg = Debug|Win32
		{696AFC8C-CD92-418B-B13F-9A5590B56608}.Debug|x86.Build.0 = Debug|Win32
		{696AFC8C-CD92-418B-B13F-9A5590B56608}.Release|x64.ActiveCfg = Release|x64
		{696AFC8C-CD92-418B-B13F-9A5590B56608}.Release|x64.Build.0 = Release|x64
		{696AFC8C-CD92-418B-B13F-9A5590B56608}.Release|x86.ActiveCfg = Release|Win32
		{696AFC8C-CD92-418B-B13F-9A5590B56608}.Release|x86.Build.0 = Release|Win32
	EndGlobalSection
	GlobalSection(SolutionProperties) = preSolution
		HideSolutionNode = FALSE
	EndGlobalSection
	GlobalSection(ExtensibilityGlobals) = postSolution
		SolutionGuid = {412C71BB-62F3-4C29-888E-A3D7B3BAD27E}
	EndGlobalSection
EndGlobal
